{
  "name": "miniprogram",
  "version": "1.0.0",
  "lockfileVersion": 1,
  "requires": true,
  "dependencies": {
    "@miniprogram-component-plus/select-text": {
      "version": "1.0.1",
      "resolved": "https://r.cnpmjs.org/@miniprogram-component-plus/select-text/download/@miniprogram-component-plus/select-text-1.0.1.tgz",
      "integrity": "sha1-y3hnsbKsU0Tx5GNVZ47eBw48dkY="
    },
    "@miniprogram-component-plus/sticky": {
      "version": "1.0.1",
      "resolved": "https://registry.npmjs.org/@miniprogram-component-plus/sticky/-/sticky-1.0.1.tgz",
      "integrity": "sha512-HYZ/PCm8KjUSQYwMLG61bhHBKU8s9aDx5Tl2BvruAku8bvEbyd8A3Povpb9V6lPPvsD/oXp2R7/GmgsCgDuI4g=="
    },
    "tim-upload-plugin": {
      "version": "1.0.1",
      "resolved": "https://r.cnpmjs.org/tim-upload-plugin/download/tim-upload-plugin-1.0.1.tgz",
      "integrity": "sha1-T8DE+kpJFjFwdbZvuWPvS6hIOyc="
    },
    "tim-wx-sdk": {
      "version": "2.9.3",
      "resolved": "https://r.cnpmjs.org/tim-wx-sdk/download/tim-wx-sdk-2.9.3.tgz",
      "integrity": "sha1-/aPJnHWQl4izmsY6xeJVkN0sGwE="
    },
    "ts-md5": {
      "version": "1.2.7",
      "resolved": "https://registry.npm.taobao.org/ts-md5/download/ts-md5-1.2.7.tgz"
    }
  }
}
