{
  "name": "miniprogram",
  "version": "1.0.0",
  "lockfileVersion": 1,
  "requires": true,
  "dependencies": {
    "ts-md5": {
      "version": "1.2.7",
      "resolved": "https://mobiscroll-npm.pkg.coding.net/wxapp/demo/__tarballs/ts-md5/1.2.7/__path/npm/ts-md5/-/ts-md5-1.2.7/b76471fc2fd38f0502441f6c3b9494ed04537401.tgz",
      "integrity": "sha512-emODogvKGWi1KO1l9c6YxLMBn6CEH3VrH5mVPIyOtxBG52BvV4jP3GWz6bOZCz61nLgBc3ffQYE4+EHfCD+V7w=="
    },
    "wxapp": {
      "version": "1.0.0",
      "resolved": "https://mobiscroll-npm.pkg.coding.net/wxapp/app/wxapp/-/wxapp-1.0.0/e5d0f867c4a048e32bc365ba76f831c9d2e201b7.tgz",
      "integrity": "sha512-ZXSuifLR9oGMiUcNazidvkl4AExRL0XFudz09ctOsNiMCwkOR0KxyISGZf9uS/90uiVz7oM02YPL80WXPDKqDA=="
    }
  }
}
